
Microsoft Visual Studio Solution File, Format Version 12.00
# Visual Studio Version 17
VisualStudioVersion = 17.8.34511.84
MinimumVisualStudioVersion = 10.0.40219.1
Project("{FAE04EC0-301F-11D3-BF4B-00C04F79EFBC}") = "WpfApp13", "WpfApp13\WpfApp13.csproj", "{9D7DD76D-424A-4429-A13E-5E677A24744D}"
EndProject
Global
	GlobalSection(SolutionConfigurationPlatforms) = preSolution
		Debug|Any CPU = Debug|Any CPU
		Release|Any CPU = Release|Any CPU
	EndGlobalSection
	GlobalSection(ProjectConfigurationPlatforms) = postSolution
		{9D7DD76D-424A-4429-A13E-5E677A24744D}.Debug|Any CPU.ActiveCfg = Debug|Any CPU
		{9D7DD76D-424A-4429-A13E-5E677A24744D}.Debug|Any CPU.Build.0 = Debug|Any CPU
		{9D7DD76D-424A-4429-A13E-5E677A24744D}.Release|Any CPU.ActiveCfg = Release|Any CPU
		{9D7DD76D-424A-4429-A13E-5E677A24744D}.Release|Any CPU.Build.0 = Release|Any CPU
	EndGlobalSection
	GlobalSection(SolutionProperties) = preSolution
		HideSolutionNode = FALSE
	EndGlobalSection
	GlobalSection(ExtensibilityGlobals) = postSolution
		SolutionGuid = {C7561331-F6D8-400E-B5EF-7EED4C02A7EE}
	EndGlobalSection
EndGlobal
